{
  "name": "e-soundtrax-front",
  "lockfileVersion": 2,
  "requires": true,
  "packages": {
    "": {
      "dependencies": {
        "vue-carousel-3d": "^1.0.1"
      }
    },
    "node_modules/core-js": {
      "version": "3.21.0",
      "resolved": "https://registry.npmjs.org/core-js/-/core-js-3.21.0.tgz",
      "integrity": "sha512-YUdI3fFu4TF/2WykQ2xzSiTQdldLB4KVuL9WeAy5XONZYt5Cun/fpQvctoKbCgvPhmzADeesTk/j2Rdx77AcKQ==",
      "hasInstallScript": true,
      "funding": {
        "type": "opencollective",
        "url": "https://opencollective.com/core-js"
      }
    },
    "node_modules/vue": {
      "version": "2.6.14",
      "resolved": "https://registry.npmjs.org/vue/-/vue-2.6.14.tgz",
      "integrity": "sha512-x2284lgYvjOMj3Za7kqzRcUSxBboHqtgRE2zlos1qWaOye5yUmHn42LB1250NJBLRwEcdrB0JRwyPTEPhfQjiQ=="
    },
    "node_modules/vue-carousel-3d": {
      "version": "1.0.1",
      "resolved": "https://registry.npmjs.org/vue-carousel-3d/-/vue-carousel-3d-1.0.1.tgz",
      "integrity": "sha512-Q50gIEB6plLdqYd3jLxte8RJsXNPQBcrRsgUey7nnaQ7TvtFoRu/4rpPP1FiihahE0v+IzVv8LLSSJxD+XrQVQ==",
      "dependencies": {
        "core-js": "^3.6.5",
        "vue": "^2.6.11"
      }
    }
  },
  "dependencies": {
    "core-js": {
      "version": "3.21.0",
      "resolved": "https://registry.npmjs.org/core-js/-/core-js-3.21.0.tgz",
      "integrity": "sha512-YUdI3fFu4TF/2WykQ2xzSiTQdldLB4KVuL9WeAy5XONZYt5Cun/fpQvctoKbCgvPhmzADeesTk/j2Rdx77AcKQ=="
    },
    "vue": {
      "version": "2.6.14",
      "resolved": "https://registry.npmjs.org/vue/-/vue-2.6.14.tgz",
      "integrity": "sha512-x2284lgYvjOMj3Za7kqzRcUSxBboHqtgRE2zlos1qWaOye5yUmHn42LB1250NJBLRwEcdrB0JRwyPTEPhfQjiQ=="
    },
    "vue-carousel-3d": {
      "version": "1.0.1",
      "resolved": "https://registry.npmjs.org/vue-carousel-3d/-/vue-carousel-3d-1.0.1.tgz",
      "integrity": "sha512-Q50gIEB6plLdqYd3jLxte8RJsXNPQBcrRsgUey7nnaQ7TvtFoRu/4rpPP1FiihahE0v+IzVv8LLSSJxD+XrQVQ==",
      "requires": {
        "core-js": "^3.6.5",
        "vue": "^2.6.11"
      }
    }
  }
}
